
Microsoft Visual Studio Solution File, Format Version 12.00
# Visual Studio Version 17
VisualStudioVersion = 17.5.33530.505
MinimumVisualStudioVersion = 10.0.40219.1
Project("{9A19103F-16F7-4668-BE54-9A1E7A4F7556}") = "T2207A_MVC", "T2207A_MVC\T2207A_MVC.csproj", "{D0E659D9-CE6A-44D7-965D-896229124983}"
EndProject
Project("{9A19103F-16F7-4668-BE54-9A1E7A4F7556}") = "T2207A_API", "T2207_API\T2207A_API.csproj", "{EEACB3D3-A781-48CF-A944-4E6D114E5C3B}"
EndProject
Global
	GlobalSection(SolutionConfigurationPlatforms) = preSolution
		Debug|Any CPU = Debug|Any CPU
		Release|Any CPU = Release|Any CPU
	EndGlobalSection
	GlobalSection(ProjectConfigurationPlatforms) = postSolution
		{D0E659D9-CE6A-44D7-965D-896229124983}.Debug|Any CPU.ActiveCfg = Debug|Any CPU
		{D0E659D9-CE6A-44D7-965D-896229124983}.Debug|Any CPU.Build.0 = Debug|Any CPU
		{D0E659D9-CE6A-44D7-965D-896229124983}.Release|Any CPU.ActiveCfg = Release|Any CPU
		{D0E659D9-CE6A-44D7-965D-896229124983}.Release|Any CPU.Build.0 = Release|Any CPU
		{EEACB3D3-A781-48CF-A944-4E6D114E5C3B}.Debug|Any CPU.ActiveCfg = Debug|Any CPU
		{EEACB3D3-A781-48CF-A944-4E6D114E5C3B}.Debug|Any CPU.Build.0 = Debug|Any CPU
		{EEACB3D3-A781-48CF-A944-4E6D114E5C3B}.Release|Any CPU.ActiveCfg = Release|Any CPU
		{EEACB3D3-A781-48CF-A944-4E6D114E5C3B}.Release|Any CPU.Build.0 = Release|Any CPU
	EndGlobalSection
	GlobalSection(SolutionProperties) = preSolution
		HideSolutionNode = FALSE
	EndGlobalSection
	GlobalSection(ExtensibilityGlobals) = postSolution
		SolutionGuid = {9B7FC97D-343F-4FBB-8CDA-652F77673255}
	EndGlobalSection
EndGlobal
